
Microsoft Visual Studio Solution File, Format Version 12.00
# Visual Studio Version 16
VisualStudioVersion = 16.0.30804.86
MinimumVisualStudioVersion = 10.0.40219.1
Project("{9A19103F-16F7-4668-BE54-9A1E7A4F7556}") = "RockPaperScissors", "RockPaperScissors\RockPaperScissors.csproj", "{4CF45613-A448-4446-B3AB-87E974EE4F55}"
EndProject
Global
	GlobalSection(SolutionConfigurationPlatforms) = preSolution
		Debug|Any CPU = Debug|Any CPU
		Release|Any CPU = Release|Any CPU
	EndGlobalSection
	GlobalSection(ProjectConfigurationPlatforms) = postSolution
		{4CF45613-A448-4446-B3AB-87E974EE4F55}.Debug|Any CPU.ActiveCfg = Debug|Any CPU
		{4CF45613-A448-4446-B3AB-87E974EE4F55}.Debug|Any CPU.Build.0 = Debug|Any CPU
		{4CF45613-A448-4446-B3AB-87E974EE4F55}.Release|Any CPU.ActiveCfg = Release|Any CPU
		{4CF45613-A448-4446-B3AB-87E974EE4F55}.Release|Any CPU.Build.0 = Release|Any CPU
	EndGlobalSection
	GlobalSection(SolutionProperties) = preSolution
		HideSolutionNode = FALSE
	EndGlobalSection
	GlobalSection(ExtensibilityGlobals) = postSolution
		SolutionGuid = {47C52ADE-5205-49D5-9236-A37DB2DF5B58}
	EndGlobalSection
EndGlobal
